// !$*UTF8*$!
{
	archiveVersion = 1;
	classes = {
	};
	objectVersion = 55;
	objects = {

/* Begin PBXBuildFile section */
		E3614B28284BB91B009F0F91 /* AppDelegate.swift in Sources */ = {isa = PBXBuildFile; fileRef = E3614B27284BB91B009F0F91 /* AppDelegate.swift */; };
		E3614B2A284BB91B009F0F91 /* GameScene.sks in Resources */ = {isa = PBXBuildFile; fileRef = E3614B29284BB91B009F0F91 /* GameScene.sks */; };
		E3614B2C284BB91B009F0F91 /* Actions.sks in Resources */ = {isa = PBXBuildFile; fileRef = E3614B2B284BB91B009F0F91 /* Actions.sks */; };
		E3614B30284BB91B009F0F91 /* GameViewController.swift in Sources */ = {isa = PBXBuildFile; fileRef = E3614B2F284BB91B009F0F91 /* GameViewController.swift */; };
		E3614B33284BB91B009F0F91 /* Main.storyboard in Resources */ = {isa = PBXBuildFile; fileRef = E3614B31284BB91B009F0F91 /* Main.storyboard */; };
		E3614B35284BB91F009F0F91 /* Assets.xcassets in Resources */ = {isa = PBXBuildFile; fileRef = E3614B34284BB91F009F0F91 /* Assets.xcassets */; };
		E3614B38284BB91F009F0F91 /* LaunchScreen.storyboard in Resources */ = {isa = PBXBuildFile; fileRef = E3614B36284BB91F009F0F91 /* LaunchScreen.storyboard */; };
		E36E69EB2855DDDD002AACCC /* GameOverScene.swift in Sources */ = {isa = PBXBuildFile; fileRef = E36E69EA2855DDDD002AACCC /* GameOverScene.swift */; };
		E36E69EE2855DE6C002AACCC /* GameOverSceneExtension.swift in Sources */ = {isa = PBXBuildFile; fileRef = E36E69ED2855DE6C002AACCC /* GameOverSceneExtension.swift */; };
		E36E69F22855FB93002AACCC /* GameSceneExtension.swift in Sources */ = {isa = PBXBuildFile; fileRef = E36E69EF2855FB93002AACCC /* GameSceneExtension.swift */; };
		E36E69F32855FB93002AACCC /* GameScene.swift in Sources */ = {isa = PBXBuildFile; fileRef = E36E69F02855FB93002AACCC /* GameScene.swift */; };
		E36E69F42855FB93002AACCC /* GameScenePhysics.swift in Sources */ = {isa = PBXBuildFile; fileRef = E36E69F12855FB93002AACCC /* GameScenePhysics.swift */; };
/* End PBXBuildFile section */

/* Begin PBXFileReference section */
		E3614B24284BB91B009F0F91 /* Arkanoid.app */ = {isa = PBXFileReference; explicitFileType = wrapper.application; includeInIndex = 0; path = Arkanoid.app; sourceTree = BUILT_PRODUCTS_DIR; };
		E3614B27284BB91B009F0F91 /* AppDelegate.swift */ = {isa = PBXFileReference; lastKnownFileType = sourcecode.swift; path = AppDelegate.swift; sourceTree = "<group>"; };
		E3614B29284BB91B009F0F91 /* GameScene.sks */ = {isa = PBXFileReference; lastKnownFileType = file.sks; path = GameScene.sks; sourceTree = "<group>"; };
		E3614B2B284BB91B009F0F91 /* Actions.sks */ = {isa = PBXFileReference; lastKnownFileType = file.sks; path = Actions.sks; sourceTree = "<group>"; };
		E3614B2F284BB91B009F0F91 /* GameViewController.swift */ = {isa = PBXFileReference; lastKnownFileType = sourcecode.swift; path = GameViewController.swift; sourceTree = "<group>"; };
		E3614B32284BB91B009F0F91 /* Base */ = {isa = PBXFileReference; lastKnownFileType = file.storyboard; name = Base; path = Base.lproj/Main.storyboard; sourceTree = "<group>"; };
		E3614B34284BB91F009F0F91 /* Assets.xcassets */ = {isa = PBXFileReference; lastKnownFileType = folder.assetcatalog; path = Assets.xcassets; sourceTree = "<group>"; };
		E3614B37284BB91F009F0F91 /* Base */ = {isa = PBXFileReference; lastKnownFileType = file.storyboard; name = Base; path = Base.lproj/LaunchScreen.storyboard; sourceTree = "<group>"; };
		E36E69EA2855DDDD002AACCC /* GameOverScene.swift */ = {isa = PBXFileReference; lastKnownFileType = sourcecode.swift; path = GameOverScene.swift; sourceTree = "<group>"; };
		E36E69ED2855DE6C002AACCC /* GameOverSceneExtension.swift */ = {isa = PBXFileReference; lastKnownFileType = sourcecode.swift; path = GameOverSceneExtension.swift; sourceTree = "<group>"; };
		E36E69EF2855FB93002AACCC /* GameSceneExtension.swift */ = {isa = PBXFileReference; fileEncoding = 4; lastKnownFileType = sourcecode.swift; path = GameSceneExtension.swift; sourceTree = "<group>"; };
		E36E69F02855FB93002AACCC /* GameScene.swift */ = {isa = PBXFileReference; fileEncoding = 4; lastKnownFileType = sourcecode.swift; path = GameScene.swift; sourceTree = "<group>"; };
		E36E69F12855FB93002AACCC /* GameScenePhysics.swift */ = {isa = PBXFileReference; fileEncoding = 4; lastKnownFileType = sourcecode.swift; path = GameScenePhysics.swift; sourceTree = "<group>"; };
/* End PBXFileReference section */

/* Begin PBXFrameworksBuildPhase section */
		E3614B21284BB91B009F0F91 /* Frameworks */ = {
			isa = PBXFrameworksBuildPhase;
			buildActionMask = 2147483647;
			files = (
			);
			runOnlyForDeploymentPostprocessing = 0;
		};
/* End PBXFrameworksBuildPhase section */

/* Begin PBXGroup section */
		E3614B1B284BB91B009F0F91 = {
			isa = PBXGroup;
			children = (
				E3614B26284BB91B009F0F91 /* Arkanoid */,
				E3614B25284BB91B009F0F91 /* Products */,
			);
			sourceTree = "<group>";
		};
		E3614B25284BB91B009F0F91 /* Products */ = {
			isa = PBXGroup;
			children = (
				E3614B24284BB91B009F0F91 /* Arkanoid.app */,
			);
			name = Products;
			sourceTree = "<group>";
		};
		E3614B26284BB91B009F0F91 /* Arkanoid */ = {
			isa = PBXGroup;
			children = (
				E36E69EC2855DDE2002AACCC /* Scenes */,
				E3614B27284BB91B009F0F91 /* AppDelegate.swift */,
				E3614B29284BB91B009F0F91 /* GameScene.sks */,
				E3614B2B284BB91B009F0F91 /* Actions.sks */,
				E3614B2F284BB91B009F0F91 /* GameViewController.swift */,
				E3614B31284BB91B009F0F91 /* Main.storyboard */,
				E3614B34284BB91F009F0F91 /* Assets.xcassets */,
				E3614B36284BB91F009F0F91 /* LaunchScreen.storyboard */,
				E36E69EA2855DDDD002AACCC /* GameOverScene.swift */,
				E36E69ED2855DE6C002AACCC /* GameOverSceneExtension.swift */,
			);
			path = Arkanoid;
			sourceTree = "<group>";
		};
		E36E69EC2855DDE2002AACCC /* Scenes */ = {
			isa = PBXGroup;
			children = (
				E36E69F02855FB93002AACCC /* GameScene.swift */,
				E36E69EF2855FB93002AACCC /* GameSceneExtension.swift */,
				E36E69F12855FB93002AACCC /* GameScenePhysics.swift */,
			);
			path = Scenes;
			sourceTree = "<group>";
		};
/* End PBXGroup section */

/* Begin PBXNativeTarget section */
		E3614B23284BB91B009F0F91 /* Arkanoid */ = {
			isa = PBXNativeTarget;
			buildConfigurationList = E3614B3B284BB91F009F0F91 /* Build configuration list for PBXNativeTarget "Arkanoid" */;
			buildPhases = (
				E3614B20284BB91B009F0F91 /* Sources */,
				E3614B21284BB91B009F0F91 /* Frameworks */,
				E3614B22284BB91B009F0F91 /* Resources */,
			);
			buildRules = (
			);
			dependencies = (
			);
			name = Arkanoid;
			productName = Arkanoid;
			productReference = E3614B24284BB91B009F0F91 /* Arkanoid.app */;
			productType = "com.apple.product-type.application";
		};
/* End PBXNativeTarget section */

/* Begin PBXProject section */
		E3614B1C284BB91B009F0F91 /* Project object */ = {
			isa = PBXProject;
			attributes = {
				BuildIndependentTargetsInParallel = 1;
				LastSwiftUpdateCheck = 1330;
				LastUpgradeCheck = 1330;
				TargetAttributes = {
					E3614B23284BB91B009F0F91 = {
						CreatedOnToolsVersion = 13.3;
					};
				};
			};
			buildConfigurationList = E3614B1F284BB91B009F0F91 /* Build configuration list for PBXProject "Arkanoid" */;
			compatibilityVersion = "Xcode 13.0";
			developmentRegion = en;
			hasScannedForEncodings = 0;
			knownRegions = (
				en,
				Base,
			);
			mainGroup = E3614B1B284BB91B009F0F91;
			productRefGroup = E3614B25284BB91B009F0F91 /* Products */;
			projectDirPath = "";
			projectRoot = "";
			targets = (
				E3614B23284BB91B009F0F91 /* Arkanoid */,
			);
		};
/* End PBXProject section */

/* Begin PBXResourcesBuildPhase section */
		E3614B22284BB91B009F0F91 /* Resources */ = {
			isa = PBXResourcesBuildPhase;
			buildActionMask = 2147483647;
			files = (
				E3614B33284BB91B009F0F91 /* Main.storyboard in Resources */,
				E3614B2A284BB91B009F0F91 /* GameScene.sks in Resources */,
				E3614B35284BB91F009F0F91 /* Assets.xcassets in Resources */,
				E3614B38284BB91F009F0F91 /* LaunchScreen.storyboard in Resources */,
				E3614B2C284BB91B009F0F91 /* Actions.sks in Resources */,
			);
			runOnlyForDeploymentPostprocessing = 0;
		};
/* End PBXResourcesBuildPhase section */

/* Begin PBXSourcesBuildPhase section */
		E3614B20284BB91B009F0F91 /* Sources */ = {
			isa = PBXSourcesBuildPhase;
			buildActionMask = 2147483647;
			files = (
				E36E69F22855FB93002AACCC /* GameSceneExtension.swift in Sources */,
				E36E69EE2855DE6C002AACCC /* GameOverSceneExtension.swift in Sources */,
				E36E69F42855FB93002AACCC /* GameScenePhysics.swift in Sources */,
				E36E69F32855FB93002AACCC /* GameScene.swift in Sources */,
				E3614B30284BB91B009F0F91 /* GameViewController.swift in Sources */,
				E36E69EB2855DDDD002AACCC /* GameOverScene.swift in Sources */,
				E3614B28284BB91B009F0F91 /* AppDelegate.swift in Sources */,
			);
			runOnlyForDeploymentPostprocessing = 0;
		};
/* End PBXSourcesBuildPhase section */

/* Begin PBXVariantGroup section */
		E3614B31284BB91B009F0F91 /* Main.storyboard */ = {
			isa = PBXVariantGroup;
			children = (
				E3614B32284BB91B009F0F91 /* Base */,
			);
			name = Main.storyboard;
			sourceTree = "<group>";
		};
		E3614B36284BB91F009F0F91 /* LaunchScreen.storyboard */ = {
			isa = PBXVariantGroup;
			children = (
				E3614B37284BB91F009F0F91 /* Base */,
			);
			name = LaunchScreen.storyboard;
			sourceTree = "<group>";
		};
/* End PBXVariantGroup section */

/* Begin XCBuildConfiguration section */
		E3614B39284BB91F009F0F91 /* Debug */ = {
			isa = XCBuildConfiguration;
			buildSettings = {
				ALWAYS_SEARCH_USER_PATHS = NO;
				CLANG_ANALYZER_NONNULL = YES;
				CLANG_ANALYZER_NUMBER_OBJECT_CONVERSION = YES_AGGRESSIVE;
				CLANG_CXX_LANGUAGE_STANDARD = "gnu++17";
				CLANG_ENABLE_MODULES = YES;
				CLANG_ENABLE_OBJC_ARC = YES;
				CLANG_ENABLE_OBJC_WEAK = YES;
				CLANG_WARN_BLOCK_CAPTURE_AUTORELEASING = YES;
				CLANG_WARN_BOOL_CONVERSION = YES;
				CLANG_WARN_COMMA = YES;
				CLANG_WARN_CONSTANT_CONVERSION = YES;
				CLANG_WARN_DEPRECATED_OBJC_IMPLEMENTATIONS = YES;
				CLANG_WARN_DIRECT_OBJC_ISA_USAGE = YES_ERROR;
				CLANG_WARN_DOCUMENTATION_COMMENTS = YES;
				CLANG_WARN_EMPTY_BODY = YES;
				CLANG_WARN_ENUM_CONVERSION = YES;
				CLANG_WARN_INFINITE_RECURSION = YES;
				CLANG_WARN_INT_CONVERSION = YES;
				CLANG_WARN_NON_LITERAL_NULL_CONVERSION = YES;
				CLANG_WARN_OBJC_IMPLICIT_RETAIN_SELF = YES;
				CLANG_WARN_OBJC_LITERAL_CONVERSION = YES;
				CLANG_WARN_OBJC_ROOT_CLASS = YES_ERROR;
				CLANG_WARN_QUOTED_INCLUDE_IN_FRAMEWORK_HEADER = YES;
				CLANG_WARN_RANGE_LOOP_ANALYSIS = YES;
				CLANG_WARN_STRICT_PROTOTYPES = YES;
				CLANG_WARN_SUSPICIOUS_MOVE = YES;
				CLANG_WARN_UNGUARDED_AVAILABILITY = YES_AGGRESSIVE;
				CLANG_WARN_UNREACHABLE_CODE = YES;
				CLANG_WARN__DUPLICATE_METHOD_MATCH = YES;
				COPY_PHASE_STRIP = NO;
				DEBUG_INFORMATION_FORMAT = dwarf;
				ENABLE_STRICT_OBJC_MSGSEND = YES;
				ENABLE_TESTABILITY = YES;
				GCC_C_LANGUAGE_STANDARD = gnu11;
				GCC_DYNAMIC_NO_PIC = NO;
				GCC_NO_COMMON_BLOCKS = YES;
				GCC_OPTIMIZATION_LEVEL = 0;
				GCC_PREPROCESSOR_DEFINITIONS = (
					"DEBUG=1",
					"$(inherited)",
				);
				GCC_WARN_64_TO_32_BIT_CONVERSION = YES;
				GCC_WARN_ABOUT_RETURN_TYPE = YES_ERROR;
				GCC_WARN_UNDECLARED_SELECTOR = YES;
				GCC_WARN_UNINITIALIZED_AUTOS = YES_AGGRESSIVE;
				GCC_WARN_UNUSED_FUNCTION = YES;
				GCC_WARN_UNUSED_VARIABLE = YES;
				IPHONEOS_DEPLOYMENT_TARGET = 15.4;
				MTL_ENABLE_DEBUG_INFO = INCLUDE_SOURCE;
				MTL_FAST_MATH = YES;
				ONLY_ACTIVE_ARCH = YES;
				SDKROOT = iphoneos;
				SWIFT_ACTIVE_COMPILATION_CONDITIONS = DEBUG;
				SWIFT_OPTIMIZATION_LEVEL = "-Onone";
			};
			name = Debug;
		};
		E3614B3A284BB91F009F0F91 /* Release */ = {
			isa = XCBuildConfiguration;
			buildSettings = {
				ALWAYS_SEARCH_USER_PATHS = NO;
				CLANG_ANALYZER_NONNULL = YES;
				CLANG_ANALYZER_NUMBER_OBJECT_CONVERSION = YES_AGGRESSIVE;
				CLANG_CXX_LANGUAGE_STANDARD = "gnu++17";
				CLANG_ENABLE_MODULES = YES;
				CLANG_ENABLE_OBJC_ARC = YES;
				CLANG_ENABLE_OBJC_WEAK = YES;
				CLANG_WARN_BLOCK_CAPTURE_AUTORELEASING = YES;
				CLANG_WARN_BOOL_CONVERSION = YES;
				CLANG_WARN_COMMA = YES;
				CLANG_WARN_CONSTANT_CONVERSION = YES;
				CLANG_WARN_DEPRECATED_OBJC_IMPLEMENTATIONS = YES;
				CLANG_WARN_DIRECT_OBJC_ISA_USAGE = YES_ERROR;
				CLANG_WARN_DOCUMENTATION_COMMENTS = YES;
				CLANG_WARN_EMPTY_BODY = YES;
				CLANG_WARN_ENUM_CONVERSION = YES;
				CLANG_WARN_INFINITE_RECURSION = YES;
				CLANG_WARN_INT_CONVERSION = YES;
				CLANG_WARN_NON_LITERAL_NULL_CONVERSION = YES;
				CLANG_WARN_OBJC_IMPLICIT_RETAIN_SELF = YES;
				CLANG_WARN_OBJC_LITERAL_CONVERSION = YES;
				CLANG_WARN_OBJC_ROOT_CLASS = YES_ERROR;
				CLANG_WARN_QUOTED_INCLUDE_IN_FRAMEWORK_HEADER = YES;
				CLANG_WARN_RANGE_LOOP_ANALYSIS = YES;
				CLANG_WARN_STRICT_PROTOTYPES = YES;
				CLANG_WARN_SUSPICIOUS_MOVE = YES;
				CLANG_WARN_UNGUARDED_AVAILABILITY = YES_AGGRESSIVE;
				CLANG_WARN_UNREACHABLE_CODE = YES;
				CLANG_WARN__DUPLICATE_METHOD_MATCH = YES;
				COPY_PHASE_STRIP = NO;
				DEBUG_INFORMATION_FORMAT = "dwarf-with-dsym";
				ENABLE_NS_ASSERTIONS = NO;
				ENABLE_STRICT_OBJC_MSGSEND = YES;
				GCC_C_LANGUAGE_STANDARD = gnu11;
				GCC_NO_COMMON_BLOCKS = YES;
				GCC_WARN_64_TO_32_BIT_CONVERSION = YES;
				GCC_WARN_ABOUT_RETURN_TYPE = YES_ERROR;
				GCC_WARN_UNDECLARED_SELECTOR = YES;
				GCC_WARN_UNINITIALIZED_AUTOS = YES_AGGRESSIVE;
				GCC_WARN_UNUSED_FUNCTION = YES;
				GCC_WARN_UNUSED_VARIABLE = YES;
				IPHONEOS_DEPLOYMENT_TARGET = 15.4;
				MTL_ENABLE_DEBUG_INFO = NO;
				MTL_FAST_MATH = YES;
				SDKROOT = iphoneos;
				SWIFT_COMPILATION_MODE = wholemodule;
				SWIFT_OPTIMIZATION_LEVEL = "-O";
				VALIDATE_PRODUCT = YES;
			};
			name = Release;
		};
		E3614B3C284BB91F009F0F91 /* Debug */ = {
			isa = XCBuildConfiguration;
			buildSettings = {
				ASSETCATALOG_COMPILER_APPICON_NAME = AppIcon;
				ASSETCATALOG_COMPILER_GLOBAL_ACCENT_COLOR_NAME = AccentColor;
				CODE_SIGN_STYLE = Automatic;
				CURRENT_PROJECT_VERSION = 1;
				DEVELOPMENT_TEAM = 3YFC929W57;
				GENERATE_INFOPLIST_FILE = YES;
				INFOPLIST_KEY_UIApplicationSupportsIndirectInputEvents = YES;
				INFOPLIST_KEY_UILaunchStoryboardName = LaunchScreen;
				INFOPLIST_KEY_UIMainStoryboardFile = Main;
				INFOPLIST_KEY_UIStatusBarHidden = YES;
				INFOPLIST_KEY_UISupportedInterfaceOrientations = UIInterfaceOrientationPortrait;
				INFOPLIST_KEY_UISupportedInterfaceOrientations_iPad = "UIInterfaceOrientationPortrait UIInterfaceOrientationPortraitUpsideDown UIInterfaceOrientationLandscapeLeft UIInterfaceOrientationLandscapeRight";
				INFOPLIST_KEY_UISupportedInterfaceOrientations_iPhone = "UIInterfaceOrientationPortrait UIInterfaceOrientationLandscapeLeft UIInterfaceOrientationLandscapeRight";
				LD_RUNPATH_SEARCH_PATHS = (
					"$(inherited)",
					"@executable_path/Frameworks",
				);
				MARKETING_VERSION = 1.0;
				PRODUCT_BUNDLE_IDENTIFIER = Arkanoid.Arkanoid;
				PRODUCT_NAME = "$(TARGET_NAME)";
				SWIFT_EMIT_LOC_STRINGS = YES;
				SWIFT_VERSION = 5.0;
				TARGETED_DEVICE_FAMILY = "1,2";
			};
			name = Debug;
		};
		E3614B3D284BB91F009F0F91 /* Release */ = {
			isa = XCBuildConfiguration;
			buildSettings = {
				ASSETCATALOG_COMPILER_APPICON_NAME = AppIcon;
				ASSETCATALOG_COMPILER_GLOBAL_ACCENT_COLOR_NAME = AccentColor;
				CODE_SIGN_STYLE = Automatic;
				CURRENT_PROJECT_VERSION = 1;
				DEVELOPMENT_TEAM = 3YFC929W57;
				GENERATE_INFOPLIST_FILE = YES;
				INFOPLIST_KEY_UIApplicationSupportsIndirectInputEvents = YES;
				INFOPLIST_KEY_UILaunchStoryboardName = LaunchScreen;
				INFOPLIST_KEY_UIMainStoryboardFile = Main;
				INFOPLIST_KEY_UIStatusBarHidden = YES;
				INFOPLIST_KEY_UISupportedInterfaceOrientations = UIInterfaceOrientationPortrait;
				INFOPLIST_KEY_UISupportedInterfaceOrientations_iPad = "UIInterfaceOrientationPortrait UIInterfaceOrientationPortraitUpsideDown UIInterfaceOrientationLandscapeLeft UIInterfaceOrientationLandscapeRight";
				INFOPLIST_KEY_UISupportedInterfaceOrientations_iPhone = "UIInterfaceOrientationPortrait UIInterfaceOrientationLandscapeLeft UIInterfaceOrientationLandscapeRight";
				LD_RUNPATH_SEARCH_PATHS = (
					"$(inherited)",
					"@executable_path/Frameworks",
				);
				MARKETING_VERSION = 1.0;
				PRODUCT_BUNDLE_IDENTIFIER = Arkanoid.Arkanoid;
				PRODUCT_NAME = "$(TARGET_NAME)";
				SWIFT_EMIT_LOC_STRINGS = YES;
				SWIFT_VERSION = 5.0;
				TARGETED_DEVICE_FAMILY = "1,2";
			};
			name = Release;
		};
/* End XCBuildConfiguration section */

/* Begin XCConfigurationList section */
		E3614B1F284BB91B009F0F91 /* Build configuration list for PBXProject "Arkanoid" */ = {
			isa = XCConfigurationList;
			buildConfigurations = (
				E3614B39284BB91F009F0F91 /* Debug */,
				E3614B3A284BB91F009F0F91 /* Release */,
			);
			defaultConfigurationIsVisible = 0;
			defaultConfigurationName = Release;
		};
		E3614B3B284BB91F009F0F91 /* Build configuration list for PBXNativeTarget "Arkanoid" */ = {
			isa = XCConfigurationList;
			buildConfigurations = (
				E3614B3C284BB91F009F0F91 /* Debug */,
				E3614B3D284BB91F009F0F91 /* Release */,
			);
			defaultConfigurationIsVisible = 0;
			defaultConfigurationName = Release;
		};
/* End XCConfigurationList section */
	};
	rootObject = E3614B1C284BB91B009F0F91 /* Project object */;
}
